
Microsoft Visual Studio Solution File, Format Version 12.00
# Visual Studio Version 17
VisualStudioVersion = 17.0.32112.339
MinimumVisualStudioVersion = 10.0.40219.1
Project("{FAE04EC0-301F-11D3-BF4B-00C04F79EFBC}") = "SQL_Online_Store", "SQL_Online_Store\SQL_Online_Store.csproj", "{106A23BA-89F1-48F7-918B-9B4C959C03F3}"
EndProject
Global
	GlobalSection(SolutionConfigurationPlatforms) = preSolution
		Debug|Any CPU = Debug|Any CPU
		Release|Any CPU = Release|Any CPU
	EndGlobalSection
	GlobalSection(ProjectConfigurationPlatforms) = postSolution
		{106A23BA-89F1-48F7-918B-9B4C959C03F3}.Debug|Any CPU.ActiveCfg = Debug|Any CPU
		{106A23BA-89F1-48F7-918B-9B4C959C03F3}.Debug|Any CPU.Build.0 = Debug|Any CPU
		{106A23BA-89F1-48F7-918B-9B4C959C03F3}.Release|Any CPU.ActiveCfg = Release|Any CPU
		{106A23BA-89F1-48F7-918B-9B4C959C03F3}.Release|Any CPU.Build.0 = Release|Any CPU
	EndGlobalSection
	GlobalSection(SolutionProperties) = preSolution
		HideSolutionNode = FALSE
	EndGlobalSection
	GlobalSection(ExtensibilityGlobals) = postSolution
		SolutionGuid = {418C8BC3-C8FF-4F48-8545-E7B282A35726}
	EndGlobalSection
EndGlobal
